
Microsoft Visual Studio Solution File, Format Version 12.00
# Visual Studio Version 17
VisualStudioVersion = 17.3.32804.467
MinimumVisualStudioVersion = 10.0.40219.1
Project("{8BC9CEB8-8B4A-11D0-8D11-00A0C91BC942}") = "Sandbox", "Sandbox\Sandbox.vcxproj", "{C644C906-FFFD-4C42-83D1-46C1FE4BEAB4}"
EndProject
Project("{8BC9CEB8-8B4A-11D0-8D11-00A0C91BC942}") = "Chico", "Chico\Chico.vcxproj", "{B9AD5220-2114-4D93-8110-3B5FDCF00275}"
EndProject
Global
	GlobalSection(SolutionConfigurationPlatforms) = preSolution
		Debug|x64 = Debug|x64
		Release|x64 = Release|x64
	EndGlobalSection
	GlobalSection(ProjectConfigurationPlatforms) = postSolution
		{B9AD5220-2114-4D93-8110-3B5FDCF00275}.Debug|x64.ActiveCfg = Debug|x64
		{B9AD5220-2114-4D93-8110-3B5FDCF00275}.Debug|x64.Build.0 = Debug|x64
		{B9AD5220-2114-4D93-8110-3B5FDCF00275}.Release|x64.ActiveCfg = Release|x64
		{B9AD5220-2114-4D93-8110-3B5FDCF00275}.Release|x64.Build.0 = Release|x64
		{C644C906-FFFD-4C42-83D1-46C1FE4BEAB4}.Debug|x64.ActiveCfg = Debug|x64
		{C644C906-FFFD-4C42-83D1-46C1FE4BEAB4}.Debug|x64.Build.0 = Debug|x64
		{C644C906-FFFD-4C42-83D1-46C1FE4BEAB4}.Release|x64.ActiveCfg = Release|x64
		{C644C906-FFFD-4C42-83D1-46C1FE4BEAB4}.Release|x64.Build.0 = Release|x64
	EndGlobalSection
	GlobalSection(SolutionProperties) = preSolution
		HideSolutionNode = FALSE
	EndGlobalSection
	GlobalSection(ExtensibilityGlobals) = postSolution
		SolutionGuid = {8FF7961A-E424-4BF4-9A1B-221343D3A2B7}
	EndGlobalSection
EndGlobal
