<?xml version="1.0" encoding="utf-8"?>
<Project ToolsVersion="4.0" xmlns="http://schemas.microsoft.com/developer/msbuild/2003">
  <ItemGroup>
    <Filter Include="Chico">
      <UniqueIdentifier>{2B3DF60C-9751-1EBE-60D3-C11DCCA61AEF}</UniqueIdentifier>
    </Filter>
  </ItemGroup>
  <ItemGroup>
    <ClInclude Include="src\Chico.h" />
    <ClInclude Include="src\Chico\Application.h">
      <Filter>Chico</Filter>
    </ClInclude>
    <ClInclude Include="src\Chico\Core.h">
      <Filter>Chico</Filter>
    </ClInclude>
    <ClInclude Include="src\Chico\Entrypoint.h">
      <Filter>Chico</Filter>
    </ClInclude>
    <ClInclude Include="src\Chico\Log.h">
      <Filter>Chico</Filter>
    </ClInclude>
  </ItemGroup>
  <ItemGroup>
    <ClCompile Include="src\Chico\Application.cpp">
      <Filter>Chico</Filter>
    </ClCompile>
    <ClCompile Include="src\Chico\Log.cpp">
      <Filter>Chico</Filter>
    </ClCompile>
  </ItemGroup>
</Project>